
Microsoft Visual Studio Solution File, Format Version 12.00
# Visual Studio Version 17
VisualStudioVersion = 17.8.34322.80
MinimumVisualStudioVersion = 10.0.40219.1
Project("{FAE04EC0-301F-11D3-BF4B-00C04F79EFBC}") = "TestStepAndElement", "TestStepAndElement.csproj", "{748D732D-9CE0-4B7E-A5E8-4BE300A72591}"
EndProject
Global
	GlobalSection(SolutionConfigurationPlatforms) = preSolution
		Debug|Any CPU = Debug|Any CPU
		Release|Any CPU = Release|Any CPU
	EndGlobalSection
	GlobalSection(ProjectConfigurationPlatforms) = postSolution
		{748D732D-9CE0-4B7E-A5E8-4BE300A72591}.Debug|Any CPU.ActiveCfg = Debug|Any CPU
		{748D732D-9CE0-4B7E-A5E8-4BE300A72591}.Debug|Any CPU.Build.0 = Debug|Any CPU
		{748D732D-9CE0-4B7E-A5E8-4BE300A72591}.Release|Any CPU.ActiveCfg = Release|Any CPU
		{748D732D-9CE0-4B7E-A5E8-4BE300A72591}.Release|Any CPU.Build.0 = Release|Any CPU
	EndGlobalSection
	GlobalSection(SolutionProperties) = preSolution
		HideSolutionNode = FALSE
	EndGlobalSection
	GlobalSection(ExtensibilityGlobals) = postSolution
		SolutionGuid = {3929F5F7-8358-4BB7-B4DC-13714091FE07}
	EndGlobalSection
EndGlobal
